# THIS IS AN AUTOGENERATED FILE. DO NOT EDIT THIS FILE DIRECTLY.
# yarn lockfile v1


axios@^0.26.0:
  version "0.26.0"
  resolved "https://registry.npmmirror.com/axios/-/axios-0.26.0.tgz#9a318f1c69ec108f8cd5f3c3d390366635e13928"
  integrity sha512-lKoGLMYtHvFrPVt3r+RBMp9nh34N0M8zEfCWqdWZx6phynIEhQqAdydpyBAAG211zlhX9Rgu08cOamy6XjE5Og==
  dependencies:
    follow-redirects "^1.14.8"

follow-redirects@^1.14.8:
  version "1.14.9"
  resolved "https://registry.npmmirror.com/follow-redirects/-/follow-redirects-1.14.9.tgz#dd4ea157de7bfaf9ea9b3fbd85aa16951f78d8d7"
  integrity sha512-MQDfihBQYMcyy5dhRDJUHcw7lb2Pv/TuE6xP1vyraLukNDHKbDxDNaOE3NbCAdKQApno+GPRyo1YAp89yCjK4w==

fs@^0.0.1-security:
  version "0.0.1-security"
  resolved "https://registry.npmmirror.com/fs/-/fs-0.0.1-security.tgz#8a7bd37186b6dddf3813f23858b57ecaaf5e41d4"
  integrity sha512-3XY9e1pP0CVEUCdj5BmfIZxRBTSDycnbqhIOGec9QYtmVH2fbLpj86CFWkrNOkt/Fvty4KZG5lTglL9j/gJ87w==

grassland-core@^0.0.2:
  version "0.0.2"
  resolved "https://registry.yarnpkg.com/grassland-core/-/grassland-core-0.0.2.tgz#19147b66814212dc7786aed982fe5004e2fc73ef"
  integrity sha512-ffDumEADbLkoko3N1S+rJbYdGm1RZMeuDQg7mMK/rMoHISDjWwxM/8MvovOuJKRx5yaOHrS3o3iAakErBYSL9Q==
  dependencies:
    axios "^0.26.0"
    fs "^0.0.1-security"

typescript@^4.5.5:
  version "4.5.5"
  resolved "https://registry.npmmirror.com/typescript/-/typescript-4.5.5.tgz#d8c953832d28924a9e3d37c73d729c846c5896f3"
  integrity sha512-TCTIul70LyWe6IJWT8QSYeA54WQe8EjQFU4wY52Fasj5UKx88LNYKCgBEHcOMOrFF1rKGbD8v/xcNWVUq9SymA==
